// !$*UTF8*$!
{
	archiveVersion = 1;
	classes = {
	};
	objectVersion = 53;
	objects = {

/* Begin PBXBuildFile section */
		E219E56225DDF48A0060589D /* ZIPFoundation in Frameworks */ = {isa = PBXBuildFile; productRef = E219E56125DDF48A0060589D /* ZIPFoundation */; };
		E22365A025D4CC2500258DD5 /* mnc_import_tests.swift in Sources */ = {isa = PBXBuildFile; fileRef = E223659F25D4CC2500258DD5 /* mnc_import_tests.swift */; };
		E29E868D260918680032DFD5 /* MusicNotation in Frameworks */ = {isa = PBXBuildFile; productRef = E29E868C260918680032DFD5 /* MusicNotation */; };
		E2C66260260BC2F7003A5291 /* SWXMLHash in Frameworks */ = {isa = PBXBuildFile; productRef = E2C6625F260BC2F7003A5291 /* SWXMLHash */; };
		E2C66262260BE88B003A5291 /* SWXMLHash in Frameworks */ = {isa = PBXBuildFile; productRef = E2C66261260BE88B003A5291 /* SWXMLHash */; };
		E2C662672612AC3D003A5291 /* MusicNotationImportGuitarPro in Frameworks */ = {isa = PBXBuildFile; productRef = E2C662662612AC3D003A5291 /* MusicNotationImportGuitarPro */; };
		E2DB7E7625C86E0700F7395D /* main.swift in Sources */ = {isa = PBXBuildFile; fileRef = E2DB7E7525C86E0700F7395D /* main.swift */; };
		E2DB7E8425C87C7600F7395D /* ArgumentParser in Frameworks */ = {isa = PBXBuildFile; productRef = E2DB7E8325C87C7600F7395D /* ArgumentParser */; };
		E2DB7E8925C87E5500F7395D /* URL+File.swift in Sources */ = {isa = PBXBuildFile; fileRef = E2DB7E8725C87E5500F7395D /* URL+File.swift */; };
		E2DB7E8A25C87E5500F7395D /* FileManager+Exists.swift in Sources */ = {isa = PBXBuildFile; fileRef = E2DB7E8825C87E5500F7395D /* FileManager+Exists.swift */; };
		E2DB7E8D25C87ECC00F7395D /* ImportOptions.swift in Sources */ = {isa = PBXBuildFile; fileRef = E2DB7E8C25C87ECC00F7395D /* ImportOptions.swift */; };
/* End PBXBuildFile section */

/* Begin PBXContainerItemProxy section */
		E219E56925E6E3180060589D /* PBXContainerItemProxy */ = {
			isa = PBXContainerItemProxy;
			containerPortal = E2DB7E6A25C86E0700F7395D /* Project object */;
			proxyType = 1;
			remoteGlobalIDString = E2DB7E7125C86E0700F7395D;
			remoteInfo = "music-notation-import";
		};
/* End PBXContainerItemProxy section */

/* Begin PBXCopyFilesBuildPhase section */
		E2DB7E7025C86E0700F7395D /* CopyFiles */ = {
			isa = PBXCopyFilesBuildPhase;
			buildActionMask = 2147483647;
			dstPath = /usr/share/man/man1/;
			dstSubfolderSpec = 0;
			files = (
			);
			runOnlyForDeploymentPostprocessing = 1;
		};
/* End PBXCopyFilesBuildPhase section */

/* Begin PBXFileReference section */
		E223659D25D4CC2500258DD5 /* music-notation-import-tests.xctest */ = {isa = PBXFileReference; explicitFileType = wrapper.cfbundle; includeInIndex = 0; path = "music-notation-import-tests.xctest"; sourceTree = BUILT_PRODUCTS_DIR; };
		E223659F25D4CC2500258DD5 /* mnc_import_tests.swift */ = {isa = PBXFileReference; lastKnownFileType = sourcecode.swift; path = mnc_import_tests.swift; sourceTree = "<group>"; };
		E22365A125D4CC2500258DD5 /* Info.plist */ = {isa = PBXFileReference; explicitFileType = text.xml; path = Info.plist; sourceTree = "<group>"; };
		E2DB7E7225C86E0700F7395D /* music-notation-import */ = {isa = PBXFileReference; explicitFileType = "compiled.mach-o.executable"; includeInIndex = 0; path = "music-notation-import"; sourceTree = BUILT_PRODUCTS_DIR; };
		E2DB7E7525C86E0700F7395D /* main.swift */ = {isa = PBXFileReference; lastKnownFileType = sourcecode.swift; path = main.swift; sourceTree = "<group>"; };
		E2DB7E8725C87E5500F7395D /* URL+File.swift */ = {isa = PBXFileReference; fileEncoding = 4; lastKnownFileType = sourcecode.swift; path = "URL+File.swift"; sourceTree = "<group>"; };
		E2DB7E8825C87E5500F7395D /* FileManager+Exists.swift */ = {isa = PBXFileReference; fileEncoding = 4; lastKnownFileType = sourcecode.swift; path = "FileManager+Exists.swift"; sourceTree = "<group>"; };
		E2DB7E8C25C87ECC00F7395D /* ImportOptions.swift */ = {isa = PBXFileReference; fileEncoding = 4; lastKnownFileType = sourcecode.swift; path = ImportOptions.swift; sourceTree = "<group>"; };
/* End PBXFileReference section */

/* Begin PBXFrameworksBuildPhase section */
		E223659A25D4CC2500258DD5 /* Frameworks */ = {
			isa = PBXFrameworksBuildPhase;
			buildActionMask = 2147483647;
			files = (
				E2C66262260BE88B003A5291 /* SWXMLHash in Frameworks */,
			);
			runOnlyForDeploymentPostprocessing = 0;
		};
		E2DB7E6F25C86E0700F7395D /* Frameworks */ = {
			isa = PBXFrameworksBuildPhase;
			buildActionMask = 2147483647;
			files = (
				E2C66260260BC2F7003A5291 /* SWXMLHash in Frameworks */,
				E2DB7E8425C87C7600F7395D /* ArgumentParser in Frameworks */,
				E29E868D260918680032DFD5 /* MusicNotation in Frameworks */,
				E2C662672612AC3D003A5291 /* MusicNotationImportGuitarPro in Frameworks */,
				E219E56225DDF48A0060589D /* ZIPFoundation in Frameworks */,
			);
			runOnlyForDeploymentPostprocessing = 0;
		};
/* End PBXFrameworksBuildPhase section */

/* Begin PBXGroup section */
		E223659E25D4CC2500258DD5 /* music-notation-import-tests */ = {
			isa = PBXGroup;
			children = (
				E223659F25D4CC2500258DD5 /* mnc_import_tests.swift */,
				E22365A125D4CC2500258DD5 /* Info.plist */,
			);
			path = "music-notation-import-tests";
			sourceTree = "<group>";
		};
		E22365A525D4CD1200258DD5 /* Frameworks */ = {
			isa = PBXGroup;
			children = (
			);
			name = Frameworks;
			sourceTree = "<group>";
		};
		E2DB7E6925C86E0700F7395D = {
			isa = PBXGroup;
			children = (
				E2DB7E7425C86E0700F7395D /* music-notation-import */,
				E223659E25D4CC2500258DD5 /* music-notation-import-tests */,
				E2DB7E7325C86E0700F7395D /* Products */,
				E22365A525D4CD1200258DD5 /* Frameworks */,
			);
			sourceTree = "<group>";
		};
		E2DB7E7325C86E0700F7395D /* Products */ = {
			isa = PBXGroup;
			children = (
				E2DB7E7225C86E0700F7395D /* music-notation-import */,
				E223659D25D4CC2500258DD5 /* music-notation-import-tests.xctest */,
			);
			name = Products;
			sourceTree = "<group>";
		};
		E2DB7E7425C86E0700F7395D /* music-notation-import */ = {
			isa = PBXGroup;
			children = (
				E2DB7E8625C87E2D00F7395D /* Utilities */,
				E2DB7E8C25C87ECC00F7395D /* ImportOptions.swift */,
				E2DB7E7525C86E0700F7395D /* main.swift */,
			);
			path = "music-notation-import";
			sourceTree = "<group>";
		};
		E2DB7E8625C87E2D00F7395D /* Utilities */ = {
			isa = PBXGroup;
			children = (
				E2DB7E8825C87E5500F7395D /* FileManager+Exists.swift */,
				E2DB7E8725C87E5500F7395D /* URL+File.swift */,
			);
			path = Utilities;
			sourceTree = "<group>";
		};
/* End PBXGroup section */

/* Begin PBXNativeTarget section */
		E223659C25D4CC2500258DD5 /* music-notation-import-tests */ = {
			isa = PBXNativeTarget;
			buildConfigurationList = E22365A425D4CC2500258DD5 /* Build configuration list for PBXNativeTarget "music-notation-import-tests" */;
			buildPhases = (
				E223659925D4CC2500258DD5 /* Sources */,
				E223659A25D4CC2500258DD5 /* Frameworks */,
				E223659B25D4CC2500258DD5 /* Resources */,
				E2C6626426124850003A5291 /* SwiftLint */,
			);
			buildRules = (
			);
			dependencies = (
				E219E56A25E6E3180060589D /* PBXTargetDependency */,
			);
			name = "music-notation-import-tests";
			packageProductDependencies = (
				E2C66261260BE88B003A5291 /* SWXMLHash */,
			);
			productName = "music-notation-import-tests";
			productReference = E223659D25D4CC2500258DD5 /* music-notation-import-tests.xctest */;
			productType = "com.apple.product-type.bundle.unit-test";
		};
		E2DB7E7125C86E0700F7395D /* music-notation-import */ = {
			isa = PBXNativeTarget;
			buildConfigurationList = E2DB7E7925C86E0700F7395D /* Build configuration list for PBXNativeTarget "music-notation-import" */;
			buildPhases = (
				E2DB7E6E25C86E0700F7395D /* Sources */,
				E2DB7E6F25C86E0700F7395D /* Frameworks */,
				E2DB7E7025C86E0700F7395D /* CopyFiles */,
				E2C6626326123626003A5291 /* SwiftLint */,
			);
			buildRules = (
			);
			dependencies = (
			);
			name = "music-notation-import";
			packageProductDependencies = (
				E2DB7E8325C87C7600F7395D /* ArgumentParser */,
				E219E56125DDF48A0060589D /* ZIPFoundation */,
				E29E868C260918680032DFD5 /* MusicNotation */,
				E2C6625F260BC2F7003A5291 /* SWXMLHash */,
				E2C662662612AC3D003A5291 /* MusicNotationImportGuitarPro */,
			);
			productName = "music-notation-import";
			productReference = E2DB7E7225C86E0700F7395D /* music-notation-import */;
			productType = "com.apple.product-type.tool";
		};
/* End PBXNativeTarget section */

/* Begin PBXProject section */
		E2DB7E6A25C86E0700F7395D /* Project object */ = {
			isa = PBXProject;
			attributes = {
				LastSwiftUpdateCheck = 1250;
				LastUpgradeCheck = 1240;
				TargetAttributes = {
					E223659C25D4CC2500258DD5 = {
						CreatedOnToolsVersion = 12.5;
					};
					E2DB7E7125C86E0700F7395D = {
						CreatedOnToolsVersion = 12.4;
					};
				};
			};
			buildConfigurationList = E2DB7E6D25C86E0700F7395D /* Build configuration list for PBXProject "music-notation-import" */;
			compatibilityVersion = "Xcode 11.4";
			developmentRegion = en;
			hasScannedForEncodings = 0;
			knownRegions = (
				en,
				Base,
			);
			mainGroup = E2DB7E6925C86E0700F7395D;
			packageReferences = (
				E2DB7E8225C87C7600F7395D /* XCRemoteSwiftPackageReference "swift-argument-parser" */,
				E219E56025DDF48A0060589D /* XCRemoteSwiftPackageReference "ZIPFoundation" */,
				E29E868B260918680032DFD5 /* XCRemoteSwiftPackageReference "music-notation" */,
				E2C6625E260BC2F7003A5291 /* XCRemoteSwiftPackageReference "SWXMLHash" */,
				E2C662652612AC3D003A5291 /* XCRemoteSwiftPackageReference "music-notation-import-guitarpro" */,
			);
			productRefGroup = E2DB7E7325C86E0700F7395D /* Products */;
			projectDirPath = "";
			projectRoot = "";
			targets = (
				E2DB7E7125C86E0700F7395D /* music-notation-import */,
				E223659C25D4CC2500258DD5 /* music-notation-import-tests */,
			);
		};
/* End PBXProject section */

/* Begin PBXResourcesBuildPhase section */
		E223659B25D4CC2500258DD5 /* Resources */ = {
			isa = PBXResourcesBuildPhase;
			buildActionMask = 2147483647;
			files = (
			);
			runOnlyForDeploymentPostprocessing = 0;
		};
/* End PBXResourcesBuildPhase section */

/* Begin PBXShellScriptBuildPhase section */
		E2C6626326123626003A5291 /* SwiftLint */ = {
			isa = PBXShellScriptBuildPhase;
			buildActionMask = 2147483647;
			files = (
			);
			inputFileListPaths = (
			);
			inputPaths = (
			);
			name = SwiftLint;
			outputFileListPaths = (
			);
			outputPaths = (
			);
			runOnlyForDeploymentPostprocessing = 0;
			shellPath = /bin/sh;
			shellScript = "if which swiftlint >/dev/null; then\n  swiftlint\nelse\n  echo \"warning: SwiftLint not installed, download from https://github.com/realm/SwiftLint\"\nfi\n";
		};
		E2C6626426124850003A5291 /* SwiftLint */ = {
			isa = PBXShellScriptBuildPhase;
			buildActionMask = 2147483647;
			files = (
			);
			inputFileListPaths = (
			);
			inputPaths = (
			);
			name = SwiftLint;
			outputFileListPaths = (
			);
			outputPaths = (
			);
			runOnlyForDeploymentPostprocessing = 0;
			shellPath = /bin/sh;
			shellScript = "if which swiftlint >/dev/null; then\n  swiftlint\nelse\n  echo \"warning: SwiftLint not installed, download from https://github.com/realm/SwiftLint\"\nfi\n";
		};
/* End PBXShellScriptBuildPhase section */

/* Begin PBXSourcesBuildPhase section */
		E223659925D4CC2500258DD5 /* Sources */ = {
			isa = PBXSourcesBuildPhase;
			buildActionMask = 2147483647;
			files = (
				E22365A025D4CC2500258DD5 /* mnc_import_tests.swift in Sources */,
			);
			runOnlyForDeploymentPostprocessing = 0;
		};
		E2DB7E6E25C86E0700F7395D /* Sources */ = {
			isa = PBXSourcesBuildPhase;
			buildActionMask = 2147483647;
			files = (
				E2DB7E8D25C87ECC00F7395D /* ImportOptions.swift in Sources */,
				E2DB7E7625C86E0700F7395D /* main.swift in Sources */,
				E2DB7E8A25C87E5500F7395D /* FileManager+Exists.swift in Sources */,
				E2DB7E8925C87E5500F7395D /* URL+File.swift in Sources */,
			);
			runOnlyForDeploymentPostprocessing = 0;
		};
/* End PBXSourcesBuildPhase section */

/* Begin PBXTargetDependency section */
		E219E56A25E6E3180060589D /* PBXTargetDependency */ = {
			isa = PBXTargetDependency;
			target = E2DB7E7125C86E0700F7395D /* music-notation-import */;
			targetProxy = E219E56925E6E3180060589D /* PBXContainerItemProxy */;
		};
/* End PBXTargetDependency section */

/* Begin XCBuildConfiguration section */
		E22365A225D4CC2500258DD5 /* Debug */ = {
			isa = XCBuildConfiguration;
			buildSettings = {
				CODE_SIGN_STYLE = Automatic;
				COMBINE_HIDPI_IMAGES = YES;
				DEVELOPMENT_TEAM = T8F2X3K4US;
				INFOPLIST_FILE = "music-notation-import-tests/Info.plist";
				LD_RUNPATH_SEARCH_PATHS = (
					"$(inherited)",
					"@executable_path/../Frameworks",
					"@loader_path/../Frameworks",
				);
				PRODUCT_BUNDLE_IDENTIFIER = "com.woolsoft.music-notation-import-tests";
				PRODUCT_NAME = "$(TARGET_NAME)";
				SWIFT_VERSION = 5.0;
			};
			name = Debug;
		};
		E22365A325D4CC2500258DD5 /* Release */ = {
			isa = XCBuildConfiguration;
			buildSettings = {
				CODE_SIGN_STYLE = Automatic;
				COMBINE_HIDPI_IMAGES = YES;
				DEVELOPMENT_TEAM = T8F2X3K4US;
				INFOPLIST_FILE = "music-notation-import-tests/Info.plist";
				LD_RUNPATH_SEARCH_PATHS = (
					"$(inherited)",
					"@executable_path/../Frameworks",
					"@loader_path/../Frameworks",
				);
				PRODUCT_BUNDLE_IDENTIFIER = "com.woolsoft.music-notation-import-tests";
				PRODUCT_NAME = "$(TARGET_NAME)";
				SWIFT_VERSION = 5.0;
			};
			name = Release;
		};
		E2DB7E7725C86E0700F7395D /* Debug */ = {
			isa = XCBuildConfiguration;
			buildSettings = {
				ALWAYS_SEARCH_USER_PATHS = NO;
				CLANG_ANALYZER_NONNULL = YES;
				CLANG_ANALYZER_NUMBER_OBJECT_CONVERSION = YES_AGGRESSIVE;
				CLANG_CXX_LANGUAGE_STANDARD = "gnu++14";
				CLANG_CXX_LIBRARY = "libc++";
				CLANG_ENABLE_MODULES = YES;
				CLANG_ENABLE_OBJC_ARC = YES;
				CLANG_ENABLE_OBJC_WEAK = YES;
				CLANG_WARN_BLOCK_CAPTURE_AUTORELEASING = YES;
				CLANG_WARN_BOOL_CONVERSION = YES;
				CLANG_WARN_COMMA = YES;
				CLANG_WARN_CONSTANT_CONVERSION = YES;
				CLANG_WARN_DEPRECATED_OBJC_IMPLEMENTATIONS = YES;
				CLANG_WARN_DIRECT_OBJC_ISA_USAGE = YES_ERROR;
				CLANG_WARN_DOCUMENTATION_COMMENTS = YES;
				CLANG_WARN_EMPTY_BODY = YES;
				CLANG_WARN_ENUM_CONVERSION = YES;
				CLANG_WARN_INFINITE_RECURSION = YES;
				CLANG_WARN_INT_CONVERSION = YES;
				CLANG_WARN_NON_LITERAL_NULL_CONVERSION = YES;
				CLANG_WARN_OBJC_IMPLICIT_RETAIN_SELF = YES;
				CLANG_WARN_OBJC_LITERAL_CONVERSION = YES;
				CLANG_WARN_OBJC_ROOT_CLASS = YES_ERROR;
				CLANG_WARN_QUOTED_INCLUDE_IN_FRAMEWORK_HEADER = YES;
				CLANG_WARN_RANGE_LOOP_ANALYSIS = YES;
				CLANG_WARN_STRICT_PROTOTYPES = YES;
				CLANG_WARN_SUSPICIOUS_MOVE = YES;
				CLANG_WARN_UNGUARDED_AVAILABILITY = YES_AGGRESSIVE;
				CLANG_WARN_UNREACHABLE_CODE = YES;
				CLANG_WARN__DUPLICATE_METHOD_MATCH = YES;
				COPY_PHASE_STRIP = NO;
				DEBUG_INFORMATION_FORMAT = "dwarf-with-dsym";
				ENABLE_STRICT_OBJC_MSGSEND = YES;
				ENABLE_TESTABILITY = YES;
				GCC_C_LANGUAGE_STANDARD = gnu11;
				GCC_DYNAMIC_NO_PIC = NO;
				GCC_NO_COMMON_BLOCKS = YES;
				GCC_OPTIMIZATION_LEVEL = 0;
				GCC_PREPROCESSOR_DEFINITIONS = (
					"DEBUG=1",
					"$(inherited)",
				);
				GCC_WARN_64_TO_32_BIT_CONVERSION = YES;
				GCC_WARN_ABOUT_RETURN_TYPE = YES_ERROR;
				GCC_WARN_UNDECLARED_SELECTOR = YES;
				GCC_WARN_UNINITIALIZED_AUTOS = YES_AGGRESSIVE;
				GCC_WARN_UNUSED_FUNCTION = YES;
				GCC_WARN_UNUSED_VARIABLE = YES;
				MACOSX_DEPLOYMENT_TARGET = 10.15;
				MTL_ENABLE_DEBUG_INFO = INCLUDE_SOURCE;
				MTL_FAST_MATH = YES;
				ONLY_ACTIVE_ARCH = YES;
				SDKROOT = macosx;
				SWIFT_ACTIVE_COMPILATION_CONDITIONS = DEBUG;
				SWIFT_OPTIMIZATION_LEVEL = "-Onone";
			};
			name = Debug;
		};
		E2DB7E7825C86E0700F7395D /* Release */ = {
			isa = XCBuildConfiguration;
			buildSettings = {
				ALWAYS_SEARCH_USER_PATHS = NO;
				CLANG_ANALYZER_NONNULL = YES;
				CLANG_ANALYZER_NUMBER_OBJECT_CONVERSION = YES_AGGRESSIVE;
				CLANG_CXX_LANGUAGE_STANDARD = "gnu++14";
				CLANG_CXX_LIBRARY = "libc++";
				CLANG_ENABLE_MODULES = YES;
				CLANG_ENABLE_OBJC_ARC = YES;
				CLANG_ENABLE_OBJC_WEAK = YES;
				CLANG_WARN_BLOCK_CAPTURE_AUTORELEASING = YES;
				CLANG_WARN_BOOL_CONVERSION = YES;
				CLANG_WARN_COMMA = YES;
				CLANG_WARN_CONSTANT_CONVERSION = YES;
				CLANG_WARN_DEPRECATED_OBJC_IMPLEMENTATIONS = YES;
				CLANG_WARN_DIRECT_OBJC_ISA_USAGE = YES_ERROR;
				CLANG_WARN_DOCUMENTATION_COMMENTS = YES;
				CLANG_WARN_EMPTY_BODY = YES;
				CLANG_WARN_ENUM_CONVERSION = YES;
				CLANG_WARN_INFINITE_RECURSION = YES;
				CLANG_WARN_INT_CONVERSION = YES;
				CLANG_WARN_NON_LITERAL_NULL_CONVERSION = YES;
				CLANG_WARN_OBJC_IMPLICIT_RETAIN_SELF = YES;
				CLANG_WARN_OBJC_LITERAL_CONVERSION = YES;
				CLANG_WARN_OBJC_ROOT_CLASS = YES_ERROR;
				CLANG_WARN_QUOTED_INCLUDE_IN_FRAMEWORK_HEADER = YES;
				CLANG_WARN_RANGE_LOOP_ANALYSIS = YES;
				CLANG_WARN_STRICT_PROTOTYPES = YES;
				CLANG_WARN_SUSPICIOUS_MOVE = YES;
				CLANG_WARN_UNGUARDED_AVAILABILITY = YES_AGGRESSIVE;
				CLANG_WARN_UNREACHABLE_CODE = YES;
				CLANG_WARN__DUPLICATE_METHOD_MATCH = YES;
				COPY_PHASE_STRIP = NO;
				DEBUG_INFORMATION_FORMAT = "dwarf-with-dsym";
				ENABLE_NS_ASSERTIONS = NO;
				ENABLE_STRICT_OBJC_MSGSEND = YES;
				GCC_C_LANGUAGE_STANDARD = gnu11;
				GCC_NO_COMMON_BLOCKS = YES;
				GCC_WARN_64_TO_32_BIT_CONVERSION = YES;
				GCC_WARN_ABOUT_RETURN_TYPE = YES_ERROR;
				GCC_WARN_UNDECLARED_SELECTOR = YES;
				GCC_WARN_UNINITIALIZED_AUTOS = YES_AGGRESSIVE;
				GCC_WARN_UNUSED_FUNCTION = YES;
				GCC_WARN_UNUSED_VARIABLE = YES;
				MACOSX_DEPLOYMENT_TARGET = 10.15;
				MTL_ENABLE_DEBUG_INFO = NO;
				MTL_FAST_MATH = YES;
				SDKROOT = macosx;
				SWIFT_COMPILATION_MODE = wholemodule;
				SWIFT_OPTIMIZATION_LEVEL = "-O";
			};
			name = Release;
		};
		E2DB7E7A25C86E0700F7395D /* Debug */ = {
			isa = XCBuildConfiguration;
			buildSettings = {
				CODE_SIGN_STYLE = Automatic;
				DEVELOPMENT_TEAM = T8F2X3K4US;
				ENABLE_HARDENED_RUNTIME = YES;
				PRODUCT_NAME = "$(TARGET_NAME)";
				SWIFT_VERSION = 5.0;
			};
			name = Debug;
		};
		E2DB7E7B25C86E0700F7395D /* Release */ = {
			isa = XCBuildConfiguration;
			buildSettings = {
				CODE_SIGN_STYLE = Automatic;
				DEVELOPMENT_TEAM = T8F2X3K4US;
				ENABLE_HARDENED_RUNTIME = YES;
				PRODUCT_NAME = "$(TARGET_NAME)";
				SWIFT_VERSION = 5.0;
			};
			name = Release;
		};
/* End XCBuildConfiguration section */

/* Begin XCConfigurationList section */
		E22365A425D4CC2500258DD5 /* Build configuration list for PBXNativeTarget "music-notation-import-tests" */ = {
			isa = XCConfigurationList;
			buildConfigurations = (
				E22365A225D4CC2500258DD5 /* Debug */,
				E22365A325D4CC2500258DD5 /* Release */,
			);
			defaultConfigurationIsVisible = 0;
			defaultConfigurationName = Release;
		};
		E2DB7E6D25C86E0700F7395D /* Build configuration list for PBXProject "music-notation-import" */ = {
			isa = XCConfigurationList;
			buildConfigurations = (
				E2DB7E7725C86E0700F7395D /* Debug */,
				E2DB7E7825C86E0700F7395D /* Release */,
			);
			defaultConfigurationIsVisible = 0;
			defaultConfigurationName = Release;
		};
		E2DB7E7925C86E0700F7395D /* Build configuration list for PBXNativeTarget "music-notation-import" */ = {
			isa = XCConfigurationList;
			buildConfigurations = (
				E2DB7E7A25C86E0700F7395D /* Debug */,
				E2DB7E7B25C86E0700F7395D /* Release */,
			);
			defaultConfigurationIsVisible = 0;
			defaultConfigurationName = Release;
		};
/* End XCConfigurationList section */

/* Begin XCRemoteSwiftPackageReference section */
		E219E56025DDF48A0060589D /* XCRemoteSwiftPackageReference "ZIPFoundation" */ = {
			isa = XCRemoteSwiftPackageReference;
			repositoryURL = "https://github.com/weichsel/ZIPFoundation.git";
			requirement = {
				kind = upToNextMajorVersion;
				minimumVersion = 0.9.11;
			};
		};
		E29E868B260918680032DFD5 /* XCRemoteSwiftPackageReference "music-notation" */ = {
			isa = XCRemoteSwiftPackageReference;
			repositoryURL = "https://github.com/music-notation-swift/music-notation.git";
			requirement = {
				kind = upToNextMajorVersion;
				minimumVersion = 0.2.4;
			};
		};
		E2C6625E260BC2F7003A5291 /* XCRemoteSwiftPackageReference "SWXMLHash" */ = {
			isa = XCRemoteSwiftPackageReference;
			repositoryURL = "https://github.com/drmohundro/SWXMLHash.git";
			requirement = {
				kind = upToNextMajorVersion;
				minimumVersion = 5.0.2;
			};
		};
		E2C662652612AC3D003A5291 /* XCRemoteSwiftPackageReference "music-notation-import-guitarpro" */ = {
			isa = XCRemoteSwiftPackageReference;
			repositoryURL = "https://github.com/music-notation-swift/music-notation-import-guitarpro.git";
			requirement = {
				kind = upToNextMajorVersion;
				minimumVersion = 0.5.0;
			};
		};
		E2DB7E8225C87C7600F7395D /* XCRemoteSwiftPackageReference "swift-argument-parser" */ = {
			isa = XCRemoteSwiftPackageReference;
			repositoryURL = "https://github.com/apple/swift-argument-parser.git";
			requirement = {
				kind = upToNextMajorVersion;
				minimumVersion = 0.3.2;
			};
		};
/* End XCRemoteSwiftPackageReference section */

/* Begin XCSwiftPackageProductDependency section */
		E219E56125DDF48A0060589D /* ZIPFoundation */ = {
			isa = XCSwiftPackageProductDependency;
			package = E219E56025DDF48A0060589D /* XCRemoteSwiftPackageReference "ZIPFoundation" */;
			productName = ZIPFoundation;
		};
		E29E868C260918680032DFD5 /* MusicNotation */ = {
			isa = XCSwiftPackageProductDependency;
			package = E29E868B260918680032DFD5 /* XCRemoteSwiftPackageReference "music-notation" */;
			productName = MusicNotation;
		};
		E2C6625F260BC2F7003A5291 /* SWXMLHash */ = {
			isa = XCSwiftPackageProductDependency;
			package = E2C6625E260BC2F7003A5291 /* XCRemoteSwiftPackageReference "SWXMLHash" */;
			productName = SWXMLHash;
		};
		E2C66261260BE88B003A5291 /* SWXMLHash */ = {
			isa = XCSwiftPackageProductDependency;
			package = E2C6625E260BC2F7003A5291 /* XCRemoteSwiftPackageReference "SWXMLHash" */;
			productName = SWXMLHash;
		};
		E2C662662612AC3D003A5291 /* MusicNotationImportGuitarPro */ = {
			isa = XCSwiftPackageProductDependency;
			package = E2C662652612AC3D003A5291 /* XCRemoteSwiftPackageReference "music-notation-import-guitarpro" */;
			productName = MusicNotationImportGuitarPro;
		};
		E2DB7E8325C87C7600F7395D /* ArgumentParser */ = {
			isa = XCSwiftPackageProductDependency;
			package = E2DB7E8225C87C7600F7395D /* XCRemoteSwiftPackageReference "swift-argument-parser" */;
			productName = ArgumentParser;
		};
/* End XCSwiftPackageProductDependency section */
	};
	rootObject = E2DB7E6A25C86E0700F7395D /* Project object */;
}
