{
  "object": {
    "pins": [
      {
        "package": "music-notation",
        "repositoryURL": "git@github.com:music-notation-swift/music-notation.git",
        "state": {
          "branch": null,
          "revision": "00f6a68b8974b6b08e6abd577921526c1ab13204",
          "version": "0.2.3"
        }
      },
      {
        "package": "swift-argument-parser",
        "repositoryURL": "git@github.com:apple/swift-argument-parser",
        "state": {
          "branch": null,
          "revision": "831ed5e860a70e745bc1337830af4786b2576881",
          "version": "0.4.1"
        }
      },
      {
        "package": "SWXMLHash",
        "repositoryURL": "git@github.com:drmohundro/SWXMLHash.git",
        "state": {
          "branch": null,
          "revision": "9183170d20857753d4f331b0ca63f73c60764bf3",
          "version": "5.0.2"
        }
      },
      {
        "package": "ZIPFoundation",
        "repositoryURL": "git@github.com:weichsel/ZIPFoundation.git",
        "state": {
          "branch": null,
          "revision": "cf10bbff6ac3b873e97b36b9784c79866a051a8e",
          "version": "0.9.12"
        }
      }
    ]
  },
  "version": 1
}
